
Microsoft Visual Studio Solution File, Format Version 12.00
# Visual Studio Version 17
VisualStudioVersion = 17.10.35013.160
MinimumVisualStudioVersion = 10.0.40219.1
Project("{9A19103F-16F7-4668-BE54-9A1E7A4F7556}") = "BlogApplication", "BlogApplication.csproj", "{F86E3302-29CA-4BC9-82E3-7820FA05C79E}"
EndProject
Project("{2150E333-8FDC-42A3-9474-1A3956D46DE8}") = "Presentation", "Presentation", "{3AB9EC3D-5EAC-4376-99F9-087F233F107F}"
EndProject
Project("{2150E333-8FDC-42A3-9474-1A3956D46DE8}") = "Infrastructure", "Infrastructure", "{76E091DC-E369-4208-A7D4-D708C445D621}"
EndProject
Project("{2150E333-8FDC-42A3-9474-1A3956D46DE8}") = "Core", "Core", "{4C2C1CEF-0343-495A-B301-E6A14AD9AF35}"
EndProject
Project("{9A19103F-16F7-4668-BE54-9A1E7A4F7556}") = "BlogApplication.Domain", "..\BlogApplication.Domain\BlogApplication.Domain.csproj", "{D18B72BC-603D-46F8-949E-F7D5881CB9A1}"
EndProject
Project("{9A19103F-16F7-4668-BE54-9A1E7A4F7556}") = "BlogApplication.Persistence", "..\BlogApplication.Persistence\BlogApplication.Persistence.csproj", "{6F918907-AD88-4A38-925E-1FEED181C413}"
EndProject
Project("{2150E333-8FDC-42A3-9474-1A3956D46DE8}") = "Solution Items", "Solution Items", "{38DB82F7-26CD-424E-A444-3D3578F32A74}"
	ProjectSection(SolutionItems) = preProject
		.editorconfig = .editorconfig
	EndProjectSection
EndProject
Global
	GlobalSection(SolutionConfigurationPlatforms) = preSolution
		Debug|Any CPU = Debug|Any CPU
		Release|Any CPU = Release|Any CPU
	EndGlobalSection
	GlobalSection(ProjectConfigurationPlatforms) = postSolution
		{F86E3302-29CA-4BC9-82E3-7820FA05C79E}.Debug|Any CPU.ActiveCfg = Debug|Any CPU
		{F86E3302-29CA-4BC9-82E3-7820FA05C79E}.Debug|Any CPU.Build.0 = Debug|Any CPU
		{F86E3302-29CA-4BC9-82E3-7820FA05C79E}.Release|Any CPU.ActiveCfg = Release|Any CPU
		{F86E3302-29CA-4BC9-82E3-7820FA05C79E}.Release|Any CPU.Build.0 = Release|Any CPU
		{D18B72BC-603D-46F8-949E-F7D5881CB9A1}.Debug|Any CPU.ActiveCfg = Debug|Any CPU
		{D18B72BC-603D-46F8-949E-F7D5881CB9A1}.Debug|Any CPU.Build.0 = Debug|Any CPU
		{D18B72BC-603D-46F8-949E-F7D5881CB9A1}.Release|Any CPU.ActiveCfg = Release|Any CPU
		{D18B72BC-603D-46F8-949E-F7D5881CB9A1}.Release|Any CPU.Build.0 = Release|Any CPU
		{6F918907-AD88-4A38-925E-1FEED181C413}.Debug|Any CPU.ActiveCfg = Debug|Any CPU
		{6F918907-AD88-4A38-925E-1FEED181C413}.Debug|Any CPU.Build.0 = Debug|Any CPU
		{6F918907-AD88-4A38-925E-1FEED181C413}.Release|Any CPU.ActiveCfg = Release|Any CPU
		{6F918907-AD88-4A38-925E-1FEED181C413}.Release|Any CPU.Build.0 = Release|Any CPU
	EndGlobalSection
	GlobalSection(SolutionProperties) = preSolution
		HideSolutionNode = FALSE
	EndGlobalSection
	GlobalSection(NestedProjects) = preSolution
		{F86E3302-29CA-4BC9-82E3-7820FA05C79E} = {3AB9EC3D-5EAC-4376-99F9-087F233F107F}
		{D18B72BC-603D-46F8-949E-F7D5881CB9A1} = {4C2C1CEF-0343-495A-B301-E6A14AD9AF35}
		{6F918907-AD88-4A38-925E-1FEED181C413} = {76E091DC-E369-4208-A7D4-D708C445D621}
	EndGlobalSection
	GlobalSection(ExtensibilityGlobals) = postSolution
		SolutionGuid = {CA55A961-EBA3-45ED-B188-0D24C3646A48}
	EndGlobalSection
EndGlobal
